
Microsoft Visual Studio Solution File, Format Version 12.00
# Visual Studio Version 17
VisualStudioVersion = 17.9.34622.214
MinimumVisualStudioVersion = 10.0.40219.1
Project("{FAE04EC0-301F-11D3-BF4B-00C04F79EFBC}") = "ThucHanh2", "ThucHanh2\ThucHanh2.csproj", "{74C2F1E1-0E53-4BB4-B644-6933DC27CC40}"
EndProject
Global
	GlobalSection(SolutionConfigurationPlatforms) = preSolution
		Debug|Any CPU = Debug|Any CPU
		Release|Any CPU = Release|Any CPU
	EndGlobalSection
	GlobalSection(ProjectConfigurationPlatforms) = postSolution
		{74C2F1E1-0E53-4BB4-B644-6933DC27CC40}.Debug|Any CPU.ActiveCfg = Debug|Any CPU
		{74C2F1E1-0E53-4BB4-B644-6933DC27CC40}.Debug|Any CPU.Build.0 = Debug|Any CPU
		{74C2F1E1-0E53-4BB4-B644-6933DC27CC40}.Release|Any CPU.ActiveCfg = Release|Any CPU
		{74C2F1E1-0E53-4BB4-B644-6933DC27CC40}.Release|Any CPU.Build.0 = Release|Any CPU
	EndGlobalSection
	GlobalSection(SolutionProperties) = preSolution
		HideSolutionNode = FALSE
	EndGlobalSection
	GlobalSection(ExtensibilityGlobals) = postSolution
		SolutionGuid = {7737AB3C-FE98-416B-93BA-854F77C2D69F}
	EndGlobalSection
EndGlobal
